
Microsoft Visual Studio Solution File, Format Version 12.00
# Visual Studio Version 17
VisualStudioVersion = 17.6.33815.320
MinimumVisualStudioVersion = 10.0.40219.1
Project("{FAE04EC0-301F-11D3-BF4B-00C04F79EFBC}") = "CoffeeSample", "CoffeeSample\CoffeeSample.csproj", "{A183FA47-6AE7-4BB7-A788-07764490CD0B}"
EndProject
Global
	GlobalSection(SolutionConfigurationPlatforms) = preSolution
		Debug|Any CPU = Debug|Any CPU
		Release|Any CPU = Release|Any CPU
	EndGlobalSection
	GlobalSection(ProjectConfigurationPlatforms) = postSolution
		{A183FA47-6AE7-4BB7-A788-07764490CD0B}.Debug|Any CPU.ActiveCfg = Debug|Any CPU
		{A183FA47-6AE7-4BB7-A788-07764490CD0B}.Debug|Any CPU.Build.0 = Debug|Any CPU
		{A183FA47-6AE7-4BB7-A788-07764490CD0B}.Release|Any CPU.ActiveCfg = Release|Any CPU
		{A183FA47-6AE7-4BB7-A788-07764490CD0B}.Release|Any CPU.Build.0 = Release|Any CPU
	EndGlobalSection
	GlobalSection(SolutionProperties) = preSolution
		HideSolutionNode = FALSE
	EndGlobalSection
	GlobalSection(ExtensibilityGlobals) = postSolution
		SolutionGuid = {B8CD59E1-E4DD-44C9-BCF0-40F779963D2D}
	EndGlobalSection
EndGlobal
